
Microsoft Visual Studio Solution File, Format Version 12.00
# Visual Studio Version 17
VisualStudioVersion = 17.3.32929.385
MinimumVisualStudioVersion = 10.0.40219.1
Project("{FAE04EC0-301F-11D3-BF4B-00C04F79EFBC}") = "method", "method\method.csproj", "{EA1DE39B-0EE6-4579-A237-C952D7F36A43}"
EndProject
Project("{FAE04EC0-301F-11D3-BF4B-00C04F79EFBC}") = "method2", "method2\method2.csproj", "{15C4D4C9-29AF-40FD-A825-540C5B0FAA06}"
EndProject
Project("{FAE04EC0-301F-11D3-BF4B-00C04F79EFBC}") = "method3", "method3\method3.csproj", "{7159EE1A-C4A4-4BEC-99B7-6426D605839F}"
EndProject
Global
	GlobalSection(SolutionConfigurationPlatforms) = preSolution
		Debug|Any CPU = Debug|Any CPU
		Release|Any CPU = Release|Any CPU
	EndGlobalSection
	GlobalSection(ProjectConfigurationPlatforms) = postSolution
		{EA1DE39B-0EE6-4579-A237-C952D7F36A43}.Debug|Any CPU.ActiveCfg = Debug|Any CPU
		{EA1DE39B-0EE6-4579-A237-C952D7F36A43}.Debug|Any CPU.Build.0 = Debug|Any CPU
		{EA1DE39B-0EE6-4579-A237-C952D7F36A43}.Release|Any CPU.ActiveCfg = Release|Any CPU
		{EA1DE39B-0EE6-4579-A237-C952D7F36A43}.Release|Any CPU.Build.0 = Release|Any CPU
		{15C4D4C9-29AF-40FD-A825-540C5B0FAA06}.Debug|Any CPU.ActiveCfg = Debug|Any CPU
		{15C4D4C9-29AF-40FD-A825-540C5B0FAA06}.Debug|Any CPU.Build.0 = Debug|Any CPU
		{15C4D4C9-29AF-40FD-A825-540C5B0FAA06}.Release|Any CPU.ActiveCfg = Release|Any CPU
		{15C4D4C9-29AF-40FD-A825-540C5B0FAA06}.Release|Any CPU.Build.0 = Release|Any CPU
		{7159EE1A-C4A4-4BEC-99B7-6426D605839F}.Debug|Any CPU.ActiveCfg = Debug|Any CPU
		{7159EE1A-C4A4-4BEC-99B7-6426D605839F}.Debug|Any CPU.Build.0 = Debug|Any CPU
		{7159EE1A-C4A4-4BEC-99B7-6426D605839F}.Release|Any CPU.ActiveCfg = Release|Any CPU
		{7159EE1A-C4A4-4BEC-99B7-6426D605839F}.Release|Any CPU.Build.0 = Release|Any CPU
	EndGlobalSection
	GlobalSection(SolutionProperties) = preSolution
		HideSolutionNode = FALSE
	EndGlobalSection
	GlobalSection(ExtensibilityGlobals) = postSolution
		SolutionGuid = {D4B16036-623B-4CFD-AE4B-657CE4229EE2}
	EndGlobalSection
EndGlobal
